{
	"name": "stackroom",
	"requires": true,
	"lockfileVersion": 1,
	"dependencies": {
		"husky": {
			"version": "9.0.6",
			"resolved": "https://registry.npmjs.org/husky/-/husky-9.0.6.tgz",
			"integrity": "sha512-EEuw/rfTiMjOfuL7pGO/i9otg1u36TXxqjIA6D9qxVjd/UXoDOsLor/BSFf5hTK50shwzCU3aVVwdXDp/lp7RA==",
			"dev": true
		},
		"prettier": {
			"version": "2.8.8",
			"resolved": "https://registry.npmjs.org/prettier/-/prettier-2.8.8.tgz",
			"integrity": "sha512-tdN8qQGvNjw4CHbY+XXk0JgCXn9QiF21a55rBe5LJAU+kDyC4WQn4+awm2Xfk2lQMk5fKup9XgzTZtGkjBdP9Q==",
			"dev": true
		}
	}
}
